
Microsoft Visual Studio Solution File, Format Version 11.00
# Visual Studio 2010
Project("{FAE04EC0-301F-11D3-BF4B-00C04F79EFBC}") = "FightAgainstLoarder", "Assembly-CSharp.csproj", "{BE2D111A-9575-7C68-C7A6-229784E2184D}"
EndProject
Project("{FAE04EC0-301F-11D3-BF4B-00C04F79EFBC}") = "FightAgainstLoarder", "Assembly-CSharp-Editor.csproj", "{0F72FFBE-0544-7A50-5CAA-9C65E051CF00}"
EndProject
Global
	GlobalSection(SolutionConfigurationPlatforms) = preSolution
		Debug|Any CPU = Debug|Any CPU
		Release|Any CPU = Release|Any CPU
	EndGlobalSection
	GlobalSection(ProjectConfigurationPlatforms) = postSolution
		{BE2D111A-9575-7C68-C7A6-229784E2184D}.Debug|Any CPU.ActiveCfg = Debug|Any CPU
		{BE2D111A-9575-7C68-C7A6-229784E2184D}.Debug|Any CPU.Build.0 = Debug|Any CPU
		{BE2D111A-9575-7C68-C7A6-229784E2184D}.Release|Any CPU.ActiveCfg = Release|Any CPU
		{BE2D111A-9575-7C68-C7A6-229784E2184D}.Release|Any CPU.Build.0 = Release|Any CPU
		{0F72FFBE-0544-7A50-5CAA-9C65E051CF00}.Debug|Any CPU.ActiveCfg = Debug|Any CPU
		{0F72FFBE-0544-7A50-5CAA-9C65E051CF00}.Debug|Any CPU.Build.0 = Debug|Any CPU
		{0F72FFBE-0544-7A50-5CAA-9C65E051CF00}.Release|Any CPU.ActiveCfg = Release|Any CPU
		{0F72FFBE-0544-7A50-5CAA-9C65E051CF00}.Release|Any CPU.Build.0 = Release|Any CPU
	EndGlobalSection
	GlobalSection(SolutionProperties) = preSolution
		HideSolutionNode = FALSE
	EndGlobalSection
	GlobalSection(MonoDevelopProperties) = preSolution
		StartupItem = Assembly-CSharp.csproj
	EndGlobalSection
EndGlobal
